
Microsoft Visual Studio Solution File, Format Version 12.00
# Visual Studio Version 17
VisualStudioVersion = 17.14.36414.22 d17.14
MinimumVisualStudioVersion = 10.0.40219.1
Project("{FAE04EC0-301F-11D3-BF4B-00C04F79EFBC}") = "LuvixAdminServices", "LuvixAdminServices\LuvixAdminServices.csproj", "{F8BAF08F-1492-4D71-9FA0-02A20FF754EE}"
EndProject
Global
	GlobalSection(SolutionConfigurationPlatforms) = preSolution
		Debug|Any CPU = Debug|Any CPU
		Release|Any CPU = Release|Any CPU
	EndGlobalSection
	GlobalSection(ProjectConfigurationPlatforms) = postSolution
		{F8BAF08F-1492-4D71-9FA0-02A20FF754EE}.Debug|Any CPU.ActiveCfg = Debug|Any CPU
		{F8BAF08F-1492-4D71-9FA0-02A20FF754EE}.Debug|Any CPU.Build.0 = Debug|Any CPU
		{F8BAF08F-1492-4D71-9FA0-02A20FF754EE}.Release|Any CPU.ActiveCfg = Release|Any CPU
		{F8BAF08F-1492-4D71-9FA0-02A20FF754EE}.Release|Any CPU.Build.0 = Release|Any CPU
	EndGlobalSection
	GlobalSection(SolutionProperties) = preSolution
		HideSolutionNode = FALSE
	EndGlobalSection
	GlobalSection(ExtensibilityGlobals) = postSolution
		SolutionGuid = {11555B00-230A-44E9-A669-BB33D7932742}
	EndGlobalSection
EndGlobal
